
Microsoft Visual Studio Solution File, Format Version 12.00
# Visual Studio Version 17
VisualStudioVersion = 17.0.31919.166
MinimumVisualStudioVersion = 10.0.40219.1
Project("{FAE04EC0-301F-11D3-BF4B-00C04F79EFBC}") = "DataStructure", "DataStructure\DataStructure.csproj", "{4838A4F0-139B-4DD8-A1DF-D6B073A765B3}"
EndProject
Project("{FAE04EC0-301F-11D3-BF4B-00C04F79EFBC}") = "TestDataStructure", "Test\TestDataStructure.csproj", "{4E7E5DFE-BBDA-479D-A61E-03758B0BD6C5}"
EndProject
Global
	GlobalSection(SolutionConfigurationPlatforms) = preSolution
		Debug|Any CPU = Debug|Any CPU
		Release|Any CPU = Release|Any CPU
	EndGlobalSection
	GlobalSection(ProjectConfigurationPlatforms) = postSolution
		{4838A4F0-139B-4DD8-A1DF-D6B073A765B3}.Debug|Any CPU.ActiveCfg = Debug|Any CPU
		{4838A4F0-139B-4DD8-A1DF-D6B073A765B3}.Debug|Any CPU.Build.0 = Debug|Any CPU
		{4838A4F0-139B-4DD8-A1DF-D6B073A765B3}.Release|Any CPU.ActiveCfg = Release|Any CPU
		{4838A4F0-139B-4DD8-A1DF-D6B073A765B3}.Release|Any CPU.Build.0 = Release|Any CPU
		{4E7E5DFE-BBDA-479D-A61E-03758B0BD6C5}.Debug|Any CPU.ActiveCfg = Debug|Any CPU
		{4E7E5DFE-BBDA-479D-A61E-03758B0BD6C5}.Debug|Any CPU.Build.0 = Debug|Any CPU
		{4E7E5DFE-BBDA-479D-A61E-03758B0BD6C5}.Release|Any CPU.ActiveCfg = Release|Any CPU
		{4E7E5DFE-BBDA-479D-A61E-03758B0BD6C5}.Release|Any CPU.Build.0 = Release|Any CPU
	EndGlobalSection
	GlobalSection(SolutionProperties) = preSolution
		HideSolutionNode = FALSE
	EndGlobalSection
	GlobalSection(ExtensibilityGlobals) = postSolution
		SolutionGuid = {8684BCFC-DC17-441E-A174-C656549739DF}
	EndGlobalSection
EndGlobal
